
Microsoft Visual Studio Solution File, Format Version 12.00
# Visual Studio Version 17
VisualStudioVersion = 17.8.34511.84
MinimumVisualStudioVersion = 10.0.40219.1
Project("{FAE04EC0-301F-11D3-BF4B-00C04F79EFBC}") = "CompanyApp.Api", "CompanyApp.Api\CompanyApp.Api.csproj", "{6448757F-62E3-4CA7-AD39-FDD9439F2F3A}"
EndProject
Project("{2150E333-8FDC-42A3-9474-1A3956D46DE8}") = "1 - APPLICATION", "1 - APPLICATION", "{F1D863F3-4D7B-49F5-B0F3-EB6C0C7EFA97}"
EndProject
Project("{2150E333-8FDC-42A3-9474-1A3956D46DE8}") = "2 - DOMAIN", "2 - DOMAIN", "{106B756F-CBE9-4908-93BB-AFAC137A5B1E}"
EndProject
Project("{2150E333-8FDC-42A3-9474-1A3956D46DE8}") = "3 - INFRASTRUCTURE", "3 - INFRASTRUCTURE", "{A66EC772-1D72-4DFE-AF3F-42BB485F3659}"
EndProject
Project("{2150E333-8FDC-42A3-9474-1A3956D46DE8}") = "4 - TESTS", "4 - TESTS", "{E12CCEAE-F365-4EB3-90F7-EF39B648F612}"
EndProject
Project("{FAE04EC0-301F-11D3-BF4B-00C04F79EFBC}") = "CompanyApp.Domain", "CompanyApp.Domain\CompanyApp.Domain.csproj", "{00F112C6-9865-462B-A2E4-55E488371990}"
EndProject
Project("{FAE04EC0-301F-11D3-BF4B-00C04F79EFBC}") = "CompanyApp.Infa.Data", "CompanyApp.Infa.Data\CompanyApp.Infa.Data.csproj", "{A01212F1-A061-4722-8444-49DC53285C0E}"
EndProject
Project("{FAE04EC0-301F-11D3-BF4B-00C04F79EFBC}") = "CmpanyApp.Tests", "CmpanyApp.Tests\CmpanyApp.Tests.csproj", "{30C5E9C6-B0DF-40A8-9310-231D1F0BCD9D}"
EndProject
Global
	GlobalSection(SolutionConfigurationPlatforms) = preSolution
		Debug|Any CPU = Debug|Any CPU
		Release|Any CPU = Release|Any CPU
	EndGlobalSection
	GlobalSection(ProjectConfigurationPlatforms) = postSolution
		{6448757F-62E3-4CA7-AD39-FDD9439F2F3A}.Debug|Any CPU.ActiveCfg = Debug|Any CPU
		{6448757F-62E3-4CA7-AD39-FDD9439F2F3A}.Debug|Any CPU.Build.0 = Debug|Any CPU
		{6448757F-62E3-4CA7-AD39-FDD9439F2F3A}.Release|Any CPU.ActiveCfg = Release|Any CPU
		{6448757F-62E3-4CA7-AD39-FDD9439F2F3A}.Release|Any CPU.Build.0 = Release|Any CPU
		{00F112C6-9865-462B-A2E4-55E488371990}.Debug|Any CPU.ActiveCfg = Debug|Any CPU
		{00F112C6-9865-462B-A2E4-55E488371990}.Debug|Any CPU.Build.0 = Debug|Any CPU
		{00F112C6-9865-462B-A2E4-55E488371990}.Release|Any CPU.ActiveCfg = Release|Any CPU
		{00F112C6-9865-462B-A2E4-55E488371990}.Release|Any CPU.Build.0 = Release|Any CPU
		{A01212F1-A061-4722-8444-49DC53285C0E}.Debug|Any CPU.ActiveCfg = Debug|Any CPU
		{A01212F1-A061-4722-8444-49DC53285C0E}.Debug|Any CPU.Build.0 = Debug|Any CPU
		{A01212F1-A061-4722-8444-49DC53285C0E}.Release|Any CPU.ActiveCfg = Release|Any CPU
		{A01212F1-A061-4722-8444-49DC53285C0E}.Release|Any CPU.Build.0 = Release|Any CPU
		{30C5E9C6-B0DF-40A8-9310-231D1F0BCD9D}.Debug|Any CPU.ActiveCfg = Debug|Any CPU
		{30C5E9C6-B0DF-40A8-9310-231D1F0BCD9D}.Debug|Any CPU.Build.0 = Debug|Any CPU
		{30C5E9C6-B0DF-40A8-9310-231D1F0BCD9D}.Release|Any CPU.ActiveCfg = Release|Any CPU
		{30C5E9C6-B0DF-40A8-9310-231D1F0BCD9D}.Release|Any CPU.Build.0 = Release|Any CPU
	EndGlobalSection
	GlobalSection(SolutionProperties) = preSolution
		HideSolutionNode = FALSE
	EndGlobalSection
	GlobalSection(NestedProjects) = preSolution
		{6448757F-62E3-4CA7-AD39-FDD9439F2F3A} = {F1D863F3-4D7B-49F5-B0F3-EB6C0C7EFA97}
		{00F112C6-9865-462B-A2E4-55E488371990} = {106B756F-CBE9-4908-93BB-AFAC137A5B1E}
		{A01212F1-A061-4722-8444-49DC53285C0E} = {A66EC772-1D72-4DFE-AF3F-42BB485F3659}
		{30C5E9C6-B0DF-40A8-9310-231D1F0BCD9D} = {E12CCEAE-F365-4EB3-90F7-EF39B648F612}
	EndGlobalSection
	GlobalSection(ExtensibilityGlobals) = postSolution
		SolutionGuid = {EB4C4EEF-EB2D-412B-90A2-30E0B9A9E30B}
	EndGlobalSection
EndGlobal
